
Microsoft Visual Studio Solution File, Format Version 12.00
# Visual Studio Version 17
VisualStudioVersion = 17.10.35027.167
MinimumVisualStudioVersion = 10.0.40219.1
Project("{9A19103F-16F7-4668-BE54-9A1E7A4F7556}") = "OutOfOfficeWPF", "OutOfOfficeWPF\OutOfOfficeWPF.csproj", "{824D22A0-82DE-45E1-A0BF-A4BF9026E7F5}"
EndProject
Project("{9A19103F-16F7-4668-BE54-9A1E7A4F7556}") = "OutOfOfficeDomain", "OutOfOfficeDomain\OutOfOfficeDomain.csproj", "{A78BBC97-94A9-4088-8F4C-D534F2689001}"
EndProject
Project("{9A19103F-16F7-4668-BE54-9A1E7A4F7556}") = "OutOfOfficeEF", "OutOfOfficeEF\OutOfOfficeEF.csproj", "{9DB8C4CD-D599-45E1-8532-85AF1335348A}"
EndProject
Project("{9A19103F-16F7-4668-BE54-9A1E7A4F7556}") = "MyModalControl", "MyModalControl\MyModalControl.csproj", "{81675A39-4D4D-484F-B0DD-AB7DC1833D11}"
EndProject
Project("{9A19103F-16F7-4668-BE54-9A1E7A4F7556}") = "OutOfOfficeDomain.Tests", "OutOfOfficeDomain.Tests\OutOfOfficeDomain.Tests.csproj", "{03DD0370-1CEC-45E6-9E29-4AC2BD305167}"
EndProject
Project("{FAE04EC0-301F-11D3-BF4B-00C04F79EFBC}") = "OutOfOffice.IntegrationTests", "OutOfOffice.IntegrationTests\OutOfOffice.IntegrationTests.csproj", "{CA5DCD77-6A28-45AD-BD59-422DE56151B2}"
EndProject
Global
	GlobalSection(SolutionConfigurationPlatforms) = preSolution
		Debug|Any CPU = Debug|Any CPU
		Release|Any CPU = Release|Any CPU
	EndGlobalSection
	GlobalSection(ProjectConfigurationPlatforms) = postSolution
		{824D22A0-82DE-45E1-A0BF-A4BF9026E7F5}.Debug|Any CPU.ActiveCfg = Debug|Any CPU
		{824D22A0-82DE-45E1-A0BF-A4BF9026E7F5}.Debug|Any CPU.Build.0 = Debug|Any CPU
		{824D22A0-82DE-45E1-A0BF-A4BF9026E7F5}.Release|Any CPU.ActiveCfg = Release|Any CPU
		{824D22A0-82DE-45E1-A0BF-A4BF9026E7F5}.Release|Any CPU.Build.0 = Release|Any CPU
		{A78BBC97-94A9-4088-8F4C-D534F2689001}.Debug|Any CPU.ActiveCfg = Debug|Any CPU
		{A78BBC97-94A9-4088-8F4C-D534F2689001}.Debug|Any CPU.Build.0 = Debug|Any CPU
		{A78BBC97-94A9-4088-8F4C-D534F2689001}.Release|Any CPU.ActiveCfg = Release|Any CPU
		{A78BBC97-94A9-4088-8F4C-D534F2689001}.Release|Any CPU.Build.0 = Release|Any CPU
		{9DB8C4CD-D599-45E1-8532-85AF1335348A}.Debug|Any CPU.ActiveCfg = Debug|Any CPU
		{9DB8C4CD-D599-45E1-8532-85AF1335348A}.Debug|Any CPU.Build.0 = Debug|Any CPU
		{9DB8C4CD-D599-45E1-8532-85AF1335348A}.Release|Any CPU.ActiveCfg = Release|Any CPU
		{9DB8C4CD-D599-45E1-8532-85AF1335348A}.Release|Any CPU.Build.0 = Release|Any CPU
		{81675A39-4D4D-484F-B0DD-AB7DC1833D11}.Debug|Any CPU.ActiveCfg = Debug|Any CPU
		{81675A39-4D4D-484F-B0DD-AB7DC1833D11}.Debug|Any CPU.Build.0 = Debug|Any CPU
		{81675A39-4D4D-484F-B0DD-AB7DC1833D11}.Release|Any CPU.ActiveCfg = Release|Any CPU
		{81675A39-4D4D-484F-B0DD-AB7DC1833D11}.Release|Any CPU.Build.0 = Release|Any CPU
		{03DD0370-1CEC-45E6-9E29-4AC2BD305167}.Debug|Any CPU.ActiveCfg = Debug|Any CPU
		{03DD0370-1CEC-45E6-9E29-4AC2BD305167}.Debug|Any CPU.Build.0 = Debug|Any CPU
		{03DD0370-1CEC-45E6-9E29-4AC2BD305167}.Release|Any CPU.ActiveCfg = Release|Any CPU
		{03DD0370-1CEC-45E6-9E29-4AC2BD305167}.Release|Any CPU.Build.0 = Release|Any CPU
		{CA5DCD77-6A28-45AD-BD59-422DE56151B2}.Debug|Any CPU.ActiveCfg = Debug|Any CPU
		{CA5DCD77-6A28-45AD-BD59-422DE56151B2}.Debug|Any CPU.Build.0 = Debug|Any CPU
		{CA5DCD77-6A28-45AD-BD59-422DE56151B2}.Release|Any CPU.ActiveCfg = Release|Any CPU
		{CA5DCD77-6A28-45AD-BD59-422DE56151B2}.Release|Any CPU.Build.0 = Release|Any CPU
	EndGlobalSection
	GlobalSection(SolutionProperties) = preSolution
		HideSolutionNode = FALSE
	EndGlobalSection
	GlobalSection(ExtensibilityGlobals) = postSolution
		SolutionGuid = {69BADA80-B824-475B-8997-0D2A72DC1A9D}
	EndGlobalSection
EndGlobal
